
Microsoft Visual Studio Solution File, Format Version 12.00
# Visual Studio Version 16
VisualStudioVersion = 16.0.31019.35
MinimumVisualStudioVersion = 10.0.40219.1
Project("{FAE04EC0-301F-11D3-BF4B-00C04F79EFBC}") = "zad4", "zad4\zad4.csproj", "{2A28048D-6DCA-452A-B006-8E68CAE07179}"
EndProject
Global
	GlobalSection(SolutionConfigurationPlatforms) = preSolution
		Debug|Any CPU = Debug|Any CPU
		Release|Any CPU = Release|Any CPU
	EndGlobalSection
	GlobalSection(ProjectConfigurationPlatforms) = postSolution
		{2A28048D-6DCA-452A-B006-8E68CAE07179}.Debug|Any CPU.ActiveCfg = Debug|Any CPU
		{2A28048D-6DCA-452A-B006-8E68CAE07179}.Debug|Any CPU.Build.0 = Debug|Any CPU
		{2A28048D-6DCA-452A-B006-8E68CAE07179}.Release|Any CPU.ActiveCfg = Release|Any CPU
		{2A28048D-6DCA-452A-B006-8E68CAE07179}.Release|Any CPU.Build.0 = Release|Any CPU
	EndGlobalSection
	GlobalSection(SolutionProperties) = preSolution
		HideSolutionNode = FALSE
	EndGlobalSection
	GlobalSection(ExtensibilityGlobals) = postSolution
		SolutionGuid = {BF64D0B6-D4BB-4EAE-BDC8-8B4EE4CDFBF2}
	EndGlobalSection
EndGlobal
