
Microsoft Visual Studio Solution File, Format Version 12.00
# Visual Studio Version 16
VisualStudioVersion = 16.0.31019.35
MinimumVisualStudioVersion = 10.0.40219.1
Project("{FAE04EC0-301F-11D3-BF4B-00C04F79EFBC}") = "zad2", "zad2\zad2.csproj", "{05593BF4-0A8A-406B-95F3-F6F69D92ED9E}"
EndProject
Global
	GlobalSection(SolutionConfigurationPlatforms) = preSolution
		Debug|Any CPU = Debug|Any CPU
		Release|Any CPU = Release|Any CPU
	EndGlobalSection
	GlobalSection(ProjectConfigurationPlatforms) = postSolution
		{05593BF4-0A8A-406B-95F3-F6F69D92ED9E}.Debug|Any CPU.ActiveCfg = Debug|Any CPU
		{05593BF4-0A8A-406B-95F3-F6F69D92ED9E}.Debug|Any CPU.Build.0 = Debug|Any CPU
		{05593BF4-0A8A-406B-95F3-F6F69D92ED9E}.Release|Any CPU.ActiveCfg = Release|Any CPU
		{05593BF4-0A8A-406B-95F3-F6F69D92ED9E}.Release|Any CPU.Build.0 = Release|Any CPU
	EndGlobalSection
	GlobalSection(SolutionProperties) = preSolution
		HideSolutionNode = FALSE
	EndGlobalSection
	GlobalSection(ExtensibilityGlobals) = postSolution
		SolutionGuid = {1BAF127B-CC80-402A-A097-6E8CBB47FE41}
	EndGlobalSection
EndGlobal
